<?xml version="1.0" encoding="UTF-8" standalone="yes" ?>
<CodeBlocks_project_file>
	<FileVersion major="1" minor="6" />
	<Project>
		<Option title="PvZ" />
		<Option pch_mode="2" />
		<Option compiler="gcc" />
		<Build>
			<Target title="Debug">
				<Option output="bin/Debug/PvZ" prefix_auto="1" extension_auto="1" />
				<Option object_output="obj/Debug/" />
				<Option type="1" />
				<Option compiler="gcc" />
				<Compiler>
					<Add option="-g" />
				</Compiler>
			</Target>
			<Target title="Release">
				<Option output="bin/Release/PvZ" prefix_auto="1" extension_auto="1" />
				<Option object_output="obj/Release/" />
				<Option type="1" />
				<Option compiler="gcc" />
				<Compiler>
					<Add option="-O2" />
				</Compiler>
				<Linker>
					<Add option="-s" />
				</Linker>
			</Target>
		</Build>
		<Compiler>
			<Add option="-Wall" />
			<Add option="-fexceptions" />
			<Add directory="../../../../../SDL2-2.28.5/x86_64-w64-mingw32/include/SDL2" />
		</Compiler>
		<Linker>
			<Add option="-lmingw32 -lSDL2main -lSDL2" />
			<Add option="-lSDL2_ttf" />
			<Add option="-lSDL2_mixer" />
			<Add option="-lSDL2_image" />
			<Add directory="../../../../../SDL2-2.28.5/x86_64-w64-mingw32/lib" />
		</Linker>
		<Unit filename="all.cpp" />
		<Unit filename="all.h" />
		<Unit filename="basicZombie.cpp" />
		<Unit filename="basicZombie.h" />
		<Unit filename="board.cpp" />
		<Unit filename="board.h" />
		<Unit filename="game.cpp" />
		<Unit filename="game.h" />
		<Unit filename="main.cpp" />
		<Unit filename="pea.cpp" />
		<Unit filename="pea.h" />
		<Unit filename="peashooter.cpp" />
		<Unit filename="peashooter.h" />
		<Unit filename="plant.cpp" />
		<Unit filename="plant.h" />
		<Unit filename="shop.cpp" />
		<Unit filename="shop.h" />
		<Unit filename="shovel.cpp" />
		<Unit filename="shovel.h" />
		<Unit filename="sun.cpp" />
		<Unit filename="sun.h" />
		<Unit filename="zombie.cpp" />
		<Unit filename="zombie.h" />
		<Extensions />
	</Project>
</CodeBlocks_project_file>
